
Microsoft Visual Studio Solution File, Format Version 12.00
# Visual Studio Version 17
VisualStudioVersion = 17.10.35122.118
MinimumVisualStudioVersion = 10.0.40219.1
Project("{9A19103F-16F7-4668-BE54-9A1E7A4F7556}") = "WpfWebViewApp", "WpfWebViewApp\WpfWebViewApp.csproj", "{8700F1AA-87FA-4873-A84E-AB9084A1355A}"
EndProject
Global
	GlobalSection(SolutionConfigurationPlatforms) = preSolution
		Debug|Any CPU = Debug|Any CPU
		Debug|x64 = Debug|x64
		Debug|x86 = Debug|x86
		Release|Any CPU = Release|Any CPU
		Release|x64 = Release|x64
		Release|x86 = Release|x86
	EndGlobalSection
	GlobalSection(ProjectConfigurationPlatforms) = postSolution
		{8700F1AA-87FA-4873-A84E-AB9084A1355A}.Debug|Any CPU.ActiveCfg = Debug|Any CPU
		{8700F1AA-87FA-4873-A84E-AB9084A1355A}.Debug|Any CPU.Build.0 = Debug|Any CPU
		{8700F1AA-87FA-4873-A84E-AB9084A1355A}.Debug|x64.ActiveCfg = Debug|x64
		{8700F1AA-87FA-4873-A84E-AB9084A1355A}.Debug|x64.Build.0 = Debug|x64
		{8700F1AA-87FA-4873-A84E-AB9084A1355A}.Debug|x86.ActiveCfg = Debug|x86
		{8700F1AA-87FA-4873-A84E-AB9084A1355A}.Debug|x86.Build.0 = Debug|x86
		{8700F1AA-87FA-4873-A84E-AB9084A1355A}.Release|Any CPU.ActiveCfg = Release|Any CPU
		{8700F1AA-87FA-4873-A84E-AB9084A1355A}.Release|Any CPU.Build.0 = Release|Any CPU
		{8700F1AA-87FA-4873-A84E-AB9084A1355A}.Release|x64.ActiveCfg = Release|x64
		{8700F1AA-87FA-4873-A84E-AB9084A1355A}.Release|x64.Build.0 = Release|x64
		{8700F1AA-87FA-4873-A84E-AB9084A1355A}.Release|x86.ActiveCfg = Release|x86
		{8700F1AA-87FA-4873-A84E-AB9084A1355A}.Release|x86.Build.0 = Release|x86
	EndGlobalSection
	GlobalSection(SolutionProperties) = preSolution
		HideSolutionNode = FALSE
	EndGlobalSection
	GlobalSection(ExtensibilityGlobals) = postSolution
		SolutionGuid = {9D6B3805-6219-41ED-88E8-C1247AC4941D}
	EndGlobalSection
EndGlobal
